// !$*UTF8*$!
{
	archiveVersion = 1;
	classes = {
	};
	objectVersion = 46;
	objects = {

/* Begin PBXBuildFile section */
		7BF5C82D1C820F6B006BB8E3 /* AppDelegate.swift in Sources */ = {isa = PBXBuildFile; fileRef = 7BF5C82C1C820F6B006BB8E3 /* AppDelegate.swift */; };
		7BF5C82F1C820F6B006BB8E3 /* ViewController.swift in Sources */ = {isa = PBXBuildFile; fileRef = 7BF5C82E1C820F6B006BB8E3 /* ViewController.swift */; };
		7BF5C8321C820F6B006BB8E3 /* Main.storyboard in Resources */ = {isa = PBXBuildFile; fileRef = 7BF5C8301C820F6B006BB8E3 /* Main.storyboard */; };
		7BF5C8341C820F6B006BB8E3 /* Assets.xcassets in Resources */ = {isa = PBXBuildFile; fileRef = 7BF5C8331C820F6B006BB8E3 /* Assets.xcassets */; };
		7BF5C8371C820F6B006BB8E3 /* LaunchScreen.storyboard in Resources */ = {isa = PBXBuildFile; fileRef = 7BF5C8351C820F6B006BB8E3 /* LaunchScreen.storyboard */; };
		7BF5C8421C820F6B006BB8E3 /* HamburguesasTests.swift in Sources */ = {isa = PBXBuildFile; fileRef = 7BF5C8411C820F6B006BB8E3 /* HamburguesasTests.swift */; };
		7BF5C84D1C820F6B006BB8E3 /* HamburguesasUITests.swift in Sources */ = {isa = PBXBuildFile; fileRef = 7BF5C84C1C820F6B006BB8E3 /* HamburguesasUITests.swift */; };
/* End PBXBuildFile section */

/* Begin PBXContainerItemProxy section */
		7BF5C83E1C820F6B006BB8E3 /* PBXContainerItemProxy */ = {
			isa = PBXContainerItemProxy;
			containerPortal = 7BF5C8211C820F6B006BB8E3 /* Project object */;
			proxyType = 1;
			remoteGlobalIDString = 7BF5C8281C820F6B006BB8E3;
			remoteInfo = Hamburguesas;
		};
		7BF5C8491C820F6B006BB8E3 /* PBXContainerItemProxy */ = {
			isa = PBXContainerItemProxy;
			containerPortal = 7BF5C8211C820F6B006BB8E3 /* Project object */;
			proxyType = 1;
			remoteGlobalIDString = 7BF5C8281C820F6B006BB8E3;
			remoteInfo = Hamburguesas;
		};
/* End PBXContainerItemProxy section */

/* Begin PBXFileReference section */
		7BF5C8291C820F6B006BB8E3 /* Hamburguesas.app */ = {isa = PBXFileReference; explicitFileType = wrapper.application; includeInIndex = 0; path = Hamburguesas.app; sourceTree = BUILT_PRODUCTS_DIR; };
		7BF5C82C1C820F6B006BB8E3 /* AppDelegate.swift */ = {isa = PBXFileReference; lastKnownFileType = sourcecode.swift; path = AppDelegate.swift; sourceTree = "<group>"; };
		7BF5C82E1C820F6B006BB8E3 /* ViewController.swift */ = {isa = PBXFileReference; lastKnownFileType = sourcecode.swift; path = ViewController.swift; sourceTree = "<group>"; };
		7BF5C8311C820F6B006BB8E3 /* Base */ = {isa = PBXFileReference; lastKnownFileType = file.storyboard; name = Base; path = Base.lproj/Main.storyboard; sourceTree = "<group>"; };
		7BF5C8331C820F6B006BB8E3 /* Assets.xcassets */ = {isa = PBXFileReference; lastKnownFileType = folder.assetcatalog; path = Assets.xcassets; sourceTree = "<group>"; };
		7BF5C8361C820F6B006BB8E3 /* Base */ = {isa = PBXFileReference; lastKnownFileType = file.storyboard; name = Base; path = Base.lproj/LaunchScreen.storyboard; sourceTree = "<group>"; };
		7BF5C8381C820F6B006BB8E3 /* Info.plist */ = {isa = PBXFileReference; lastKnownFileType = text.plist.xml; path = Info.plist; sourceTree = "<group>"; };
		7BF5C83D1C820F6B006BB8E3 /* HamburguesasTests.xctest */ = {isa = PBXFileReference; explicitFileType = wrapper.cfbundle; includeInIndex = 0; path = HamburguesasTests.xctest; sourceTree = BUILT_PRODUCTS_DIR; };
		7BF5C8411C820F6B006BB8E3 /* HamburguesasTests.swift */ = {isa = PBXFileReference; lastKnownFileType = sourcecode.swift; path = HamburguesasTests.swift; sourceTree = "<group>"; };
		7BF5C8431C820F6B006BB8E3 /* Info.plist */ = {isa = PBXFileReference; lastKnownFileType = text.plist.xml; path = Info.plist; sourceTree = "<group>"; };
		7BF5C8481C820F6B006BB8E3 /* HamburguesasUITests.xctest */ = {isa = PBXFileReference; explicitFileType = wrapper.cfbundle; includeInIndex = 0; path = HamburguesasUITests.xctest; sourceTree = BUILT_PRODUCTS_DIR; };
		7BF5C84C1C820F6B006BB8E3 /* HamburguesasUITests.swift */ = {isa = PBXFileReference; lastKnownFileType = sourcecode.swift; path = HamburguesasUITests.swift; sourceTree = "<group>"; };
		7BF5C84E1C820F6B006BB8E3 /* Info.plist */ = {isa = PBXFileReference; lastKnownFileType = text.plist.xml; path = Info.plist; sourceTree = "<group>"; };
/* End PBXFileReference section */

/* Begin PBXFrameworksBuildPhase section */
		7BF5C8261C820F6B006BB8E3 /* Frameworks */ = {
			isa = PBXFrameworksBuildPhase;
			buildActionMask = 2147483647;
			files = (
			);
			runOnlyForDeploymentPostprocessing = 0;
		};
		7BF5C83A1C820F6B006BB8E3 /* Frameworks */ = {
			isa = PBXFrameworksBuildPhase;
			buildActionMask = 2147483647;
			files = (
			);
			runOnlyForDeploymentPostprocessing = 0;
		};
		7BF5C8451C820F6B006BB8E3 /* Frameworks */ = {
			isa = PBXFrameworksBuildPhase;
			buildActionMask = 2147483647;
			files = (
			);
			runOnlyForDeploymentPostprocessing = 0;
		};
/* End PBXFrameworksBuildPhase section */

/* Begin PBXGroup section */
		7BF5C8201C820F6B006BB8E3 = {
			isa = PBXGroup;
			children = (
				7BF5C82B1C820F6B006BB8E3 /* Hamburguesas */,
				7BF5C8401C820F6B006BB8E3 /* HamburguesasTests */,
				7BF5C84B1C820F6B006BB8E3 /* HamburguesasUITests */,
				7BF5C82A1C820F6B006BB8E3 /* Products */,
			);
			sourceTree = "<group>";
		};
		7BF5C82A1C820F6B006BB8E3 /* Products */ = {
			isa = PBXGroup;
			children = (
				7BF5C8291C820F6B006BB8E3 /* Hamburguesas.app */,
				7BF5C83D1C820F6B006BB8E3 /* HamburguesasTests.xctest */,
				7BF5C8481C820F6B006BB8E3 /* HamburguesasUITests.xctest */,
			);
			name = Products;
			sourceTree = "<group>";
		};
		7BF5C82B1C820F6B006BB8E3 /* Hamburguesas */ = {
			isa = PBXGroup;
			children = (
				7BF5C82C1C820F6B006BB8E3 /* AppDelegate.swift */,
				7BF5C82E1C820F6B006BB8E3 /* ViewController.swift */,
				7BF5C8301C820F6B006BB8E3 /* Main.storyboard */,
				7BF5C8331C820F6B006BB8E3 /* Assets.xcassets */,
				7BF5C8351C820F6B006BB8E3 /* LaunchScreen.storyboard */,
				7BF5C8381C820F6B006BB8E3 /* Info.plist */,
			);
			path = Hamburguesas;
			sourceTree = "<group>";
		};
		7BF5C8401C820F6B006BB8E3 /* HamburguesasTests */ = {
			isa = PBXGroup;
			children = (
				7BF5C8411C820F6B006BB8E3 /* HamburguesasTests.swift */,
				7BF5C8431C820F6B006BB8E3 /* Info.plist */,
			);
			path = HamburguesasTests;
			sourceTree = "<group>";
		};
		7BF5C84B1C820F6B006BB8E3 /* HamburguesasUITests */ = {
			isa = PBXGroup;
			children = (
				7BF5C84C1C820F6B006BB8E3 /* HamburguesasUITests.swift */,
				7BF5C84E1C820F6B006BB8E3 /* Info.plist */,
			);
			path = HamburguesasUITests;
			sourceTree = "<group>";
		};
/* End PBXGroup section */

/* Begin PBXNativeTarget section */
		7BF5C8281C820F6B006BB8E3 /* Hamburguesas */ = {
			isa = PBXNativeTarget;
			buildConfigurationList = 7BF5C8511C820F6B006BB8E3 /* Build configuration list for PBXNativeTarget "Hamburguesas" */;
			buildPhases = (
				7BF5C8251C820F6B006BB8E3 /* Sources */,
				7BF5C8261C820F6B006BB8E3 /* Frameworks */,
				7BF5C8271C820F6B006BB8E3 /* Resources */,
			);
			buildRules = (
			);
			dependencies = (
			);
			name = Hamburguesas;
			productName = Hamburguesas;
			productReference = 7BF5C8291C820F6B006BB8E3 /* Hamburguesas.app */;
			productType = "com.apple.product-type.application";
		};
		7BF5C83C1C820F6B006BB8E3 /* HamburguesasTests */ = {
			isa = PBXNativeTarget;
			buildConfigurationList = 7BF5C8541C820F6B006BB8E3 /* Build configuration list for PBXNativeTarget "HamburguesasTests" */;
			buildPhases = (
				7BF5C8391C820F6B006BB8E3 /* Sources */,
				7BF5C83A1C820F6B006BB8E3 /* Frameworks */,
				7BF5C83B1C820F6B006BB8E3 /* Resources */,
			);
			buildRules = (
			);
			dependencies = (
				7BF5C83F1C820F6B006BB8E3 /* PBXTargetDependency */,
			);
			name = HamburguesasTests;
			productName = HamburguesasTests;
			productReference = 7BF5C83D1C820F6B006BB8E3 /* HamburguesasTests.xctest */;
			productType = "com.apple.product-type.bundle.unit-test";
		};
		7BF5C8471C820F6B006BB8E3 /* HamburguesasUITests */ = {
			isa = PBXNativeTarget;
			buildConfigurationList = 7BF5C8571C820F6B006BB8E3 /* Build configuration list for PBXNativeTarget "HamburguesasUITests" */;
			buildPhases = (
				7BF5C8441C820F6B006BB8E3 /* Sources */,
				7BF5C8451C820F6B006BB8E3 /* Frameworks */,
				7BF5C8461C820F6B006BB8E3 /* Resources */,
			);
			buildRules = (
			);
			dependencies = (
				7BF5C84A1C820F6B006BB8E3 /* PBXTargetDependency */,
			);
			name = HamburguesasUITests;
			productName = HamburguesasUITests;
			productReference = 7BF5C8481C820F6B006BB8E3 /* HamburguesasUITests.xctest */;
			productType = "com.apple.product-type.bundle.ui-testing";
		};
/* End PBXNativeTarget section */

/* Begin PBXProject section */
		7BF5C8211C820F6B006BB8E3 /* Project object */ = {
			isa = PBXProject;
			attributes = {
				LastSwiftUpdateCheck = 0720;
				LastUpgradeCheck = 0720;
				ORGANIZATIONNAME = Toracom;
				TargetAttributes = {
					7BF5C8281C820F6B006BB8E3 = {
						CreatedOnToolsVersion = 7.2.1;
						DevelopmentTeam = 66P5469ER7;
					};
					7BF5C83C1C820F6B006BB8E3 = {
						CreatedOnToolsVersion = 7.2.1;
						DevelopmentTeam = 66P5469ER7;
						TestTargetID = 7BF5C8281C820F6B006BB8E3;
					};
					7BF5C8471C820F6B006BB8E3 = {
						CreatedOnToolsVersion = 7.2.1;
						DevelopmentTeam = 66P5469ER7;
						TestTargetID = 7BF5C8281C820F6B006BB8E3;
					};
				};
			};
			buildConfigurationList = 7BF5C8241C820F6B006BB8E3 /* Build configuration list for PBXProject "Hamburguesas" */;
			compatibilityVersion = "Xcode 3.2";
			developmentRegion = English;
			hasScannedForEncodings = 0;
			knownRegions = (
				en,
				Base,
			);
			mainGroup = 7BF5C8201C820F6B006BB8E3;
			productRefGroup = 7BF5C82A1C820F6B006BB8E3 /* Products */;
			projectDirPath = "";
			projectRoot = "";
			targets = (
				7BF5C8281C820F6B006BB8E3 /* Hamburguesas */,
				7BF5C83C1C820F6B006BB8E3 /* HamburguesasTests */,
				7BF5C8471C820F6B006BB8E3 /* HamburguesasUITests */,
			);
		};
/* End PBXProject section */

/* Begin PBXResourcesBuildPhase section */
		7BF5C8271C820F6B006BB8E3 /* Resources */ = {
			isa = PBXResourcesBuildPhase;
			buildActionMask = 2147483647;
			files = (
				7BF5C8371C820F6B006BB8E3 /* LaunchScreen.storyboard in Resources */,
				7BF5C8341C820F6B006BB8E3 /* Assets.xcassets in Resources */,
				7BF5C8321C820F6B006BB8E3 /* Main.storyboard in Resources */,
			);
			runOnlyForDeploymentPostprocessing = 0;
		};
		7BF5C83B1C820F6B006BB8E3 /* Resources */ = {
			isa = PBXResourcesBuildPhase;
			buildActionMask = 2147483647;
			files = (
			);
			runOnlyForDeploymentPostprocessing = 0;
		};
		7BF5C8461C820F6B006BB8E3 /* Resources */ = {
			isa = PBXResourcesBuildPhase;
			buildActionMask = 2147483647;
			files = (
			);
			runOnlyForDeploymentPostprocessing = 0;
		};
/* End PBXResourcesBuildPhase section */

/* Begin PBXSourcesBuildPhase section */
		7BF5C8251C820F6B006BB8E3 /* Sources */ = {
			isa = PBXSourcesBuildPhase;
			buildActionMask = 2147483647;
			files = (
				7BF5C82F1C820F6B006BB8E3 /* ViewController.swift in Sources */,
				7BF5C82D1C820F6B006BB8E3 /* AppDelegate.swift in Sources */,
			);
			runOnlyForDeploymentPostprocessing = 0;
		};
		7BF5C8391C820F6B006BB8E3 /* Sources */ = {
			isa = PBXSourcesBuildPhase;
			buildActionMask = 2147483647;
			files = (
				7BF5C8421C820F6B006BB8E3 /* HamburguesasTests.swift in Sources */,
			);
			runOnlyForDeploymentPostprocessing = 0;
		};
		7BF5C8441C820F6B006BB8E3 /* Sources */ = {
			isa = PBXSourcesBuildPhase;
			buildActionMask = 2147483647;
			files = (
				7BF5C84D1C820F6B006BB8E3 /* HamburguesasUITests.swift in Sources */,
			);
			runOnlyForDeploymentPostprocessing = 0;
		};
/* End PBXSourcesBuildPhase section */

/* Begin PBXTargetDependency section */
		7BF5C83F1C820F6B006BB8E3 /* PBXTargetDependency */ = {
			isa = PBXTargetDependency;
			target = 7BF5C8281C820F6B006BB8E3 /* Hamburguesas */;
			targetProxy = 7BF5C83E1C820F6B006BB8E3 /* PBXContainerItemProxy */;
		};
		7BF5C84A1C820F6B006BB8E3 /* PBXTargetDependency */ = {
			isa = PBXTargetDependency;
			target = 7BF5C8281C820F6B006BB8E3 /* Hamburguesas */;
			targetProxy = 7BF5C8491C820F6B006BB8E3 /* PBXContainerItemProxy */;
		};
/* End PBXTargetDependency section */

/* Begin PBXVariantGroup section */
		7BF5C8301C820F6B006BB8E3 /* Main.storyboard */ = {
			isa = PBXVariantGroup;
			children = (
				7BF5C8311C820F6B006BB8E3 /* Base */,
			);
			name = Main.storyboard;
			sourceTree = "<group>";
		};
		7BF5C8351C820F6B006BB8E3 /* LaunchScreen.storyboard */ = {
			isa = PBXVariantGroup;
			children = (
				7BF5C8361C820F6B006BB8E3 /* Base */,
			);
			name = LaunchScreen.storyboard;
			sourceTree = "<group>";
		};
/* End PBXVariantGroup section */

/* Begin XCBuildConfiguration section */
		7BF5C84F1C820F6B006BB8E3 /* Debug */ = {
			isa = XCBuildConfiguration;
			buildSettings = {
				ALWAYS_SEARCH_USER_PATHS = NO;
				CLANG_CXX_LANGUAGE_STANDARD = "gnu++0x";
				CLANG_CXX_LIBRARY = "libc++";
				CLANG_ENABLE_MODULES = YES;
				CLANG_ENABLE_OBJC_ARC = YES;
				CLANG_WARN_BOOL_CONVERSION = YES;
				CLANG_WARN_CONSTANT_CONVERSION = YES;
				CLANG_WARN_DIRECT_OBJC_ISA_USAGE = YES_ERROR;
				CLANG_WARN_EMPTY_BODY = YES;
				CLANG_WARN_ENUM_CONVERSION = YES;
				CLANG_WARN_INT_CONVERSION = YES;
				CLANG_WARN_OBJC_ROOT_CLASS = YES_ERROR;
				CLANG_WARN_UNREACHABLE_CODE = YES;
				CLANG_WARN__DUPLICATE_METHOD_MATCH = YES;
				"CODE_SIGN_IDENTITY[sdk=iphoneos*]" = "iPhone Developer";
				COPY_PHASE_STRIP = NO;
				DEBUG_INFORMATION_FORMAT = dwarf;
				ENABLE_STRICT_OBJC_MSGSEND = YES;
				ENABLE_TESTABILITY = YES;
				GCC_C_LANGUAGE_STANDARD = gnu99;
				GCC_DYNAMIC_NO_PIC = NO;
				GCC_NO_COMMON_BLOCKS = YES;
				GCC_OPTIMIZATION_LEVEL = 0;
				GCC_PREPROCESSOR_DEFINITIONS = (
					"DEBUG=1",
					"$(inherited)",
				);
				GCC_WARN_64_TO_32_BIT_CONVERSION = YES;
				GCC_WARN_ABOUT_RETURN_TYPE = YES_ERROR;
				GCC_WARN_UNDECLARED_SELECTOR = YES;
				GCC_WARN_UNINITIALIZED_AUTOS = YES_AGGRESSIVE;
				GCC_WARN_UNUSED_FUNCTION = YES;
				GCC_WARN_UNUSED_VARIABLE = YES;
				IPHONEOS_DEPLOYMENT_TARGET = 9.2;
				MTL_ENABLE_DEBUG_INFO = YES;
				ONLY_ACTIVE_ARCH = YES;
				SDKROOT = iphoneos;
				SWIFT_OPTIMIZATION_LEVEL = "-Onone";
			};
			name = Debug;
		};
		7BF5C8501C820F6B006BB8E3 /* Release */ = {
			isa = XCBuildConfiguration;
			buildSettings = {
				ALWAYS_SEARCH_USER_PATHS = NO;
				CLANG_CXX_LANGUAGE_STANDARD = "gnu++0x";
				CLANG_CXX_LIBRARY = "libc++";
				CLANG_ENABLE_MODULES = YES;
				CLANG_ENABLE_OBJC_ARC = YES;
				CLANG_WARN_BOOL_CONVERSION = YES;
				CLANG_WARN_CONSTANT_CONVERSION = YES;
				CLANG_WARN_DIRECT_OBJC_ISA_USAGE = YES_ERROR;
				CLANG_WARN_EMPTY_BODY = YES;
				CLANG_WARN_ENUM_CONVERSION = YES;
				CLANG_WARN_INT_CONVERSION = YES;
				CLANG_WARN_OBJC_ROOT_CLASS = YES_ERROR;
				CLANG_WARN_UNREACHABLE_CODE = YES;
				CLANG_WARN__DUPLICATE_METHOD_MATCH = YES;
				"CODE_SIGN_IDENTITY[sdk=iphoneos*]" = "iPhone Developer";
				COPY_PHASE_STRIP = NO;
				DEBUG_INFORMATION_FORMAT = "dwarf-with-dsym";
				ENABLE_NS_ASSERTIONS = NO;
				ENABLE_STRICT_OBJC_MSGSEND = YES;
				GCC_C_LANGUAGE_STANDARD = gnu99;
				GCC_NO_COMMON_BLOCKS = YES;
				GCC_WARN_64_TO_32_BIT_CONVERSION = YES;
				GCC_WARN_ABOUT_RETURN_TYPE = YES_ERROR;
				GCC_WARN_UNDECLARED_SELECTOR = YES;
				GCC_WARN_UNINITIALIZED_AUTOS = YES_AGGRESSIVE;
				GCC_WARN_UNUSED_FUNCTION = YES;
				GCC_WARN_UNUSED_VARIABLE = YES;
				IPHONEOS_DEPLOYMENT_TARGET = 9.2;
				MTL_ENABLE_DEBUG_INFO = NO;
				SDKROOT = iphoneos;
				VALIDATE_PRODUCT = YES;
			};
			name = Release;
		};
		7BF5C8521C820F6B006BB8E3 /* Debug */ = {
			isa = XCBuildConfiguration;
			buildSettings = {
				ASSETCATALOG_COMPILER_APPICON_NAME = AppIcon;
				INFOPLIST_FILE = Hamburguesas/Info.plist;
				LD_RUNPATH_SEARCH_PATHS = "$(inherited) @executable_path/Frameworks";
				PRODUCT_BUNDLE_IDENTIFIER = Toracom.Hamburguesas;
				PRODUCT_NAME = "$(TARGET_NAME)";
			};
			name = Debug;
		};
		7BF5C8531C820F6B006BB8E3 /* Release */ = {
			isa = XCBuildConfiguration;
			buildSettings = {
				ASSETCATALOG_COMPILER_APPICON_NAME = AppIcon;
				INFOPLIST_FILE = Hamburguesas/Info.plist;
				LD_RUNPATH_SEARCH_PATHS = "$(inherited) @executable_path/Frameworks";
				PRODUCT_BUNDLE_IDENTIFIER = Toracom.Hamburguesas;
				PRODUCT_NAME = "$(TARGET_NAME)";
			};
			name = Release;
		};
		7BF5C8551C820F6B006BB8E3 /* Debug */ = {
			isa = XCBuildConfiguration;
			buildSettings = {
				BUNDLE_LOADER = "$(TEST_HOST)";
				INFOPLIST_FILE = HamburguesasTests/Info.plist;
				LD_RUNPATH_SEARCH_PATHS = "$(inherited) @executable_path/Frameworks @loader_path/Frameworks";
				PRODUCT_BUNDLE_IDENTIFIER = Toracom.HamburguesasTests;
				PRODUCT_NAME = "$(TARGET_NAME)";
				TEST_HOST = "$(BUILT_PRODUCTS_DIR)/Hamburguesas.app/Hamburguesas";
			};
			name = Debug;
		};
		7BF5C8561C820F6B006BB8E3 /* Release */ = {
			isa = XCBuildConfiguration;
			buildSettings = {
				BUNDLE_LOADER = "$(TEST_HOST)";
				INFOPLIST_FILE = HamburguesasTests/Info.plist;
				LD_RUNPATH_SEARCH_PATHS = "$(inherited) @executable_path/Frameworks @loader_path/Frameworks";
				PRODUCT_BUNDLE_IDENTIFIER = Toracom.HamburguesasTests;
				PRODUCT_NAME = "$(TARGET_NAME)";
				TEST_HOST = "$(BUILT_PRODUCTS_DIR)/Hamburguesas.app/Hamburguesas";
			};
			name = Release;
		};
		7BF5C8581C820F6B006BB8E3 /* Debug */ = {
			isa = XCBuildConfiguration;
			buildSettings = {
				INFOPLIST_FILE = HamburguesasUITests/Info.plist;
				LD_RUNPATH_SEARCH_PATHS = "$(inherited) @executable_path/Frameworks @loader_path/Frameworks";
				PRODUCT_BUNDLE_IDENTIFIER = Toracom.HamburguesasUITests;
				PRODUCT_NAME = "$(TARGET_NAME)";
				TEST_TARGET_NAME = Hamburguesas;
				USES_XCTRUNNER = YES;
			};
			name = Debug;
		};
		7BF5C8591C820F6B006BB8E3 /* Release */ = {
			isa = XCBuildConfiguration;
			buildSettings = {
				INFOPLIST_FILE = HamburguesasUITests/Info.plist;
				LD_RUNPATH_SEARCH_PATHS = "$(inherited) @executable_path/Frameworks @loader_path/Frameworks";
				PRODUCT_BUNDLE_IDENTIFIER = Toracom.HamburguesasUITests;
				PRODUCT_NAME = "$(TARGET_NAME)";
				TEST_TARGET_NAME = Hamburguesas;
				USES_XCTRUNNER = YES;
			};
			name = Release;
		};
/* End XCBuildConfiguration section */

/* Begin XCConfigurationList section */
		7BF5C8241C820F6B006BB8E3 /* Build configuration list for PBXProject "Hamburguesas" */ = {
			isa = XCConfigurationList;
			buildConfigurations = (
				7BF5C84F1C820F6B006BB8E3 /* Debug */,
				7BF5C8501C820F6B006BB8E3 /* Release */,
			);
			defaultConfigurationIsVisible = 0;
			defaultConfigurationName = Release;
		};
		7BF5C8511C820F6B006BB8E3 /* Build configuration list for PBXNativeTarget "Hamburguesas" */ = {
			isa = XCConfigurationList;
			buildConfigurations = (
				7BF5C8521C820F6B006BB8E3 /* Debug */,
				7BF5C8531C820F6B006BB8E3 /* Release */,
			);
			defaultConfigurationIsVisible = 0;
		};
		7BF5C8541C820F6B006BB8E3 /* Build configuration list for PBXNativeTarget "HamburguesasTests" */ = {
			isa = XCConfigurationList;
			buildConfigurations = (
				7BF5C8551C820F6B006BB8E3 /* Debug */,
				7BF5C8561C820F6B006BB8E3 /* Release */,
			);
			defaultConfigurationIsVisible = 0;
		};
		7BF5C8571C820F6B006BB8E3 /* Build configuration list for PBXNativeTarget "HamburguesasUITests" */ = {
			isa = XCConfigurationList;
			buildConfigurations = (
				7BF5C8581C820F6B006BB8E3 /* Debug */,
				7BF5C8591C820F6B006BB8E3 /* Release */,
			);
			defaultConfigurationIsVisible = 0;
		};
/* End XCConfigurationList section */
	};
	rootObject = 7BF5C8211C820F6B006BB8E3 /* Project object */;
}
